{
  "name": "rolkat-website-preview",
  "version": "1.0.0",
  "lockfileVersion": 3,
  "requires": true,
  "packages": {
    "": {
      "name": "rolkat-website-preview",
      "version": "1.0.0",
      "dependencies": {
        "lucide": "^1.54.0"
      }
    },
    "node_modules/lucide": {
      "version": "1.54.0",
      "resolved": "https://registry.npmjs.org/lucide/-/lucide-1.54.0.tgz",
      "integrity": "sha512-2N2brA+7NYLDlxG2QNcmGej5Qhw3pYMPN9MLktTNkQfs7Sk/2g2e8s0CUWibLz5lPVKMYesxm+k/ndDB7E1JjQ==",
      "license": "ISC"
    }
  }
}
